
Microsoft Visual Studio Solution File, Format Version 12.00
# Visual Studio Version 17
VisualStudioVersion = 17.5.2.0
MinimumVisualStudioVersion = 10.0.40219.1
Project("{FAE04EC0-301F-11D3-BF4B-00C04F79EFBC}") = "Model", "Model\Model.csproj", "{7A8A6769-0EA3-44C8-B491-810D7E9ADB95}"
EndProject
Project("{FAE04EC0-301F-11D3-BF4B-00C04F79EFBC}") = "Common", "Common\Common.csproj", "{523F3F2B-C178-45D2-A23A-54D527293EF6}"
EndProject
Project("{FAE04EC0-301F-11D3-BF4B-00C04F79EFBC}") = "Domain", "Domain\Domain.csproj", "{93C92475-9888-480D-8FFA-C7A479840CCC}"
EndProject
Project("{FAE04EC0-301F-11D3-BF4B-00C04F79EFBC}") = "Repository", "Repository\Repository.csproj", "{3C87CC4E-13DB-402D-980D-D6F42335FFB7}"
EndProject
Project("{FAE04EC0-301F-11D3-BF4B-00C04F79EFBC}") = "Service", "Service\Service.csproj", "{95C63535-8ED8-46C4-A17D-9395B4D97329}"
EndProject
Project("{FAE04EC0-301F-11D3-BF4B-00C04F79EFBC}") = "LegacyOrder", "LegacyOrder\LegacyOrder.csproj", "{941AEC48-F3FF-448D-8818-2524BB7A5CB7}"
EndProject
Project("{FAE04EC0-301F-11D3-BF4B-00C04F79EFBC}") = "LegacyOrder.Tests", "LegacyOrder.Tests\LegacyOrder.Tests.csproj", "{83AAD6DE-7F55-4ADB-95B7-2987149E6040}"
EndProject
Global
	GlobalSection(SolutionConfigurationPlatforms) = preSolution
		Debug|Any CPU = Debug|Any CPU
		Debug|x64 = Debug|x64
		Debug|x86 = Debug|x86
		Release|Any CPU = Release|Any CPU
		Release|x64 = Release|x64
		Release|x86 = Release|x86
	EndGlobalSection
	GlobalSection(ProjectConfigurationPlatforms) = postSolution
		{7A8A6769-0EA3-44C8-B491-810D7E9ADB95}.Debug|Any CPU.ActiveCfg = Debug|Any CPU
		{7A8A6769-0EA3-44C8-B491-810D7E9ADB95}.Debug|Any CPU.Build.0 = Debug|Any CPU
		{7A8A6769-0EA3-44C8-B491-810D7E9ADB95}.Debug|x64.ActiveCfg = Debug|Any CPU
		{7A8A6769-0EA3-44C8-B491-810D7E9ADB95}.Debug|x64.Build.0 = Debug|Any CPU
		{7A8A6769-0EA3-44C8-B491-810D7E9ADB95}.Debug|x86.ActiveCfg = Debug|Any CPU
		{7A8A6769-0EA3-44C8-B491-810D7E9ADB95}.Debug|x86.Build.0 = Debug|Any CPU
		{7A8A6769-0EA3-44C8-B491-810D7E9ADB95}.Release|Any CPU.ActiveCfg = Release|Any CPU
		{7A8A6769-0EA3-44C8-B491-810D7E9ADB95}.Release|Any CPU.Build.0 = Release|Any CPU
		{7A8A6769-0EA3-44C8-B491-810D7E9ADB95}.Release|x64.ActiveCfg = Release|Any CPU
		{7A8A6769-0EA3-44C8-B491-810D7E9ADB95}.Release|x64.Build.0 = Release|Any CPU
		{7A8A6769-0EA3-44C8-B491-810D7E9ADB95}.Release|x86.ActiveCfg = Release|Any CPU
		{7A8A6769-0EA3-44C8-B491-810D7E9ADB95}.Release|x86.Build.0 = Release|Any CPU
		{523F3F2B-C178-45D2-A23A-54D527293EF6}.Debug|Any CPU.ActiveCfg = Debug|Any CPU
		{523F3F2B-C178-45D2-A23A-54D527293EF6}.Debug|Any CPU.Build.0 = Debug|Any CPU
		{523F3F2B-C178-45D2-A23A-54D527293EF6}.Debug|x64.ActiveCfg = Debug|Any CPU
		{523F3F2B-C178-45D2-A23A-54D527293EF6}.Debug|x64.Build.0 = Debug|Any CPU
		{523F3F2B-C178-45D2-A23A-54D527293EF6}.Debug|x86.ActiveCfg = Debug|Any CPU
		{523F3F2B-C178-45D2-A23A-54D527293EF6}.Debug|x86.Build.0 = Debug|Any CPU
		{523F3F2B-C178-45D2-A23A-54D527293EF6}.Release|Any CPU.ActiveCfg = Release|Any CPU
		{523F3F2B-C178-45D2-A23A-54D527293EF6}.Release|Any CPU.Build.0 = Release|Any CPU
		{523F3F2B-C178-45D2-A23A-54D527293EF6}.Release|x64.ActiveCfg = Release|Any CPU
		{523F3F2B-C178-45D2-A23A-54D527293EF6}.Release|x64.Build.0 = Release|Any CPU
		{523F3F2B-C178-45D2-A23A-54D527293EF6}.Release|x86.ActiveCfg = Release|Any CPU
		{523F3F2B-C178-45D2-A23A-54D527293EF6}.Release|x86.Build.0 = Release|Any CPU
		{93C92475-9888-480D-8FFA-C7A479840CCC}.Debug|Any CPU.ActiveCfg = Debug|Any CPU
		{93C92475-9888-480D-8FFA-C7A479840CCC}.Debug|Any CPU.Build.0 = Debug|Any CPU
		{93C92475-9888-480D-8FFA-C7A479840CCC}.Debug|x64.ActiveCfg = Debug|Any CPU
		{93C92475-9888-480D-8FFA-C7A479840CCC}.Debug|x64.Build.0 = Debug|Any CPU
		{93C92475-9888-480D-8FFA-C7A479840CCC}.Debug|x86.ActiveCfg = Debug|Any CPU
		{93C92475-9888-480D-8FFA-C7A479840CCC}.Debug|x86.Build.0 = Debug|Any CPU
		{93C92475-9888-480D-8FFA-C7A479840CCC}.Release|Any CPU.ActiveCfg = Release|Any CPU
		{93C92475-9888-480D-8FFA-C7A479840CCC}.Release|Any CPU.Build.0 = Release|Any CPU
		{93C92475-9888-480D-8FFA-C7A479840CCC}.Release|x64.ActiveCfg = Release|Any CPU
		{93C92475-9888-480D-8FFA-C7A479840CCC}.Release|x64.Build.0 = Release|Any CPU
		{93C92475-9888-480D-8FFA-C7A479840CCC}.Release|x86.ActiveCfg = Release|Any CPU
		{93C92475-9888-480D-8FFA-C7A479840CCC}.Release|x86.Build.0 = Release|Any CPU
		{3C87CC4E-13DB-402D-980D-D6F42335FFB7}.Debug|Any CPU.ActiveCfg = Debug|Any CPU
		{3C87CC4E-13DB-402D-980D-D6F42335FFB7}.Debug|Any CPU.Build.0 = Debug|Any CPU
		{3C87CC4E-13DB-402D-980D-D6F42335FFB7}.Debug|x64.ActiveCfg = Debug|Any CPU
		{3C87CC4E-13DB-402D-980D-D6F42335FFB7}.Debug|x64.Build.0 = Debug|Any CPU
		{3C87CC4E-13DB-402D-980D-D6F42335FFB7}.Debug|x86.ActiveCfg = Debug|Any CPU
		{3C87CC4E-13DB-402D-980D-D6F42335FFB7}.Debug|x86.Build.0 = Debug|Any CPU
		{3C87CC4E-13DB-402D-980D-D6F42335FFB7}.Release|Any CPU.ActiveCfg = Release|Any CPU
		{3C87CC4E-13DB-402D-980D-D6F42335FFB7}.Release|Any CPU.Build.0 = Release|Any CPU
		{3C87CC4E-13DB-402D-980D-D6F42335FFB7}.Release|x64.ActiveCfg = Release|Any CPU
		{3C87CC4E-13DB-402D-980D-D6F42335FFB7}.Release|x64.Build.0 = Release|Any CPU
		{3C87CC4E-13DB-402D-980D-D6F42335FFB7}.Release|x86.ActiveCfg = Release|Any CPU
		{3C87CC4E-13DB-402D-980D-D6F42335FFB7}.Release|x86.Build.0 = Release|Any CPU
		{95C63535-8ED8-46C4-A17D-9395B4D97329}.Debug|Any CPU.ActiveCfg = Debug|Any CPU
		{95C63535-8ED8-46C4-A17D-9395B4D97329}.Debug|Any CPU.Build.0 = Debug|Any CPU
		{95C63535-8ED8-46C4-A17D-9395B4D97329}.Debug|x64.ActiveCfg = Debug|Any CPU
		{95C63535-8ED8-46C4-A17D-9395B4D97329}.Debug|x64.Build.0 = Debug|Any CPU
		{95C63535-8ED8-46C4-A17D-9395B4D97329}.Debug|x86.ActiveCfg = Debug|Any CPU
		{95C63535-8ED8-46C4-A17D-9395B4D97329}.Debug|x86.Build.0 = Debug|Any CPU
		{95C63535-8ED8-46C4-A17D-9395B4D97329}.Release|Any CPU.ActiveCfg = Release|Any CPU
		{95C63535-8ED8-46C4-A17D-9395B4D97329}.Release|Any CPU.Build.0 = Release|Any CPU
		{95C63535-8ED8-46C4-A17D-9395B4D97329}.Release|x64.ActiveCfg = Release|Any CPU
		{95C63535-8ED8-46C4-A17D-9395B4D97329}.Release|x64.Build.0 = Release|Any CPU
		{95C63535-8ED8-46C4-A17D-9395B4D97329}.Release|x86.ActiveCfg = Release|Any CPU
		{95C63535-8ED8-46C4-A17D-9395B4D97329}.Release|x86.Build.0 = Release|Any CPU
		{941AEC48-F3FF-448D-8818-2524BB7A5CB7}.Debug|Any CPU.ActiveCfg = Debug|Any CPU
		{941AEC48-F3FF-448D-8818-2524BB7A5CB7}.Debug|Any CPU.Build.0 = Debug|Any CPU
		{941AEC48-F3FF-448D-8818-2524BB7A5CB7}.Debug|x64.ActiveCfg = Debug|Any CPU
		{941AEC48-F3FF-448D-8818-2524BB7A5CB7}.Debug|x64.Build.0 = Debug|Any CPU
		{941AEC48-F3FF-448D-8818-2524BB7A5CB7}.Debug|x86.ActiveCfg = Debug|Any CPU
		{941AEC48-F3FF-448D-8818-2524BB7A5CB7}.Debug|x86.Build.0 = Debug|Any CPU
		{941AEC48-F3FF-448D-8818-2524BB7A5CB7}.Release|Any CPU.ActiveCfg = Release|Any CPU
		{941AEC48-F3FF-448D-8818-2524BB7A5CB7}.Release|Any CPU.Build.0 = Release|Any CPU
		{941AEC48-F3FF-448D-8818-2524BB7A5CB7}.Release|x64.ActiveCfg = Release|Any CPU
		{941AEC48-F3FF-448D-8818-2524BB7A5CB7}.Release|x64.Build.0 = Release|Any CPU
		{941AEC48-F3FF-448D-8818-2524BB7A5CB7}.Release|x86.ActiveCfg = Release|Any CPU
		{941AEC48-F3FF-448D-8818-2524BB7A5CB7}.Release|x86.Build.0 = Release|Any CPU
		{83AAD6DE-7F55-4ADB-95B7-2987149E6040}.Debug|Any CPU.ActiveCfg = Debug|Any CPU
		{83AAD6DE-7F55-4ADB-95B7-2987149E6040}.Debug|Any CPU.Build.0 = Debug|Any CPU
		{83AAD6DE-7F55-4ADB-95B7-2987149E6040}.Debug|x64.ActiveCfg = Debug|Any CPU
		{83AAD6DE-7F55-4ADB-95B7-2987149E6040}.Debug|x64.Build.0 = Debug|Any CPU
		{83AAD6DE-7F55-4ADB-95B7-2987149E6040}.Debug|x86.ActiveCfg = Debug|Any CPU
		{83AAD6DE-7F55-4ADB-95B7-2987149E6040}.Debug|x86.Build.0 = Debug|Any CPU
		{83AAD6DE-7F55-4ADB-95B7-2987149E6040}.Release|Any CPU.ActiveCfg = Release|Any CPU
		{83AAD6DE-7F55-4ADB-95B7-2987149E6040}.Release|Any CPU.Build.0 = Release|Any CPU
		{83AAD6DE-7F55-4ADB-95B7-2987149E6040}.Release|x64.ActiveCfg = Release|Any CPU
		{83AAD6DE-7F55-4ADB-95B7-2987149E6040}.Release|x64.Build.0 = Release|Any CPU
		{83AAD6DE-7F55-4ADB-95B7-2987149E6040}.Release|x86.ActiveCfg = Release|Any CPU
		{83AAD6DE-7F55-4ADB-95B7-2987149E6040}.Release|x86.Build.0 = Release|Any CPU
	EndGlobalSection
	GlobalSection(SolutionProperties) = preSolution
		HideSolutionNode = FALSE
	EndGlobalSection
	GlobalSection(ExtensibilityGlobals) = postSolution
		SolutionGuid = {7ADE9718-EF0B-4826-8875-F676469157E1}
	EndGlobalSection
EndGlobal
